
Microsoft Visual Studio Solution File, Format Version 10.00
# Visual Studio 2008
Project("{FAE04EC0-301F-11D3-BF4B-00C04F79EFBC}") = "PokerTell", "Src\PokerTell\PokerTell.csproj", "{B0D177B0-E505-4A72-B272-FE2E0F22F2C6}"
EndProject
Project("{2150E333-8FDC-42A3-9474-1A3956D46DE8}") = "Docs", "Docs", "{8C4FA786-4A2A-4269-B6FB-9D74D49C31B0}"
	ProjectSection(SolutionItems) = preProject
		Docs\ChangeLog.doc = Docs\ChangeLog.doc
		Docs\MinorBugs.odt = Docs\MinorBugs.odt
	EndProjectSection
EndProject
Project("{2150E333-8FDC-42A3-9474-1A3956D46DE8}") = "Modules", "Modules", "{D25B720C-B399-4F84-BEEA-D5B2B3D29F25}"
EndProject
Project("{2150E333-8FDC-42A3-9474-1A3956D46DE8}") = "Common", "Common", "{CE3DA47C-332F-4E33-874C-1E2EB3FF3DBE}"
EndProject
Project("{2150E333-8FDC-42A3-9474-1A3956D46DE8}") = "Libraries", "Libraries", "{5887697F-2781-46CB-9975-6D1589FD6F8E}"
EndProject
Project("{FAE04EC0-301F-11D3-BF4B-00C04F79EFBC}") = "Tools", "Src\Libraries\Tools\Tools.csproj", "{227FB3C9-3DEF-4A56-9190-24B511A5301B}"
EndProject
Project("{FAE04EC0-301F-11D3-BF4B-00C04F79EFBC}") = "PokerTell.Infrastructure", "Src\PokerTell.Infrastructure\PokerTell.Infrastructure.csproj", "{04BE82E4-C33D-4FA4-BE78-FCC86A86589D}"
EndProject
Project("{FAE04EC0-301F-11D3-BF4B-00C04F79EFBC}") = "PokerTell.PokerHand", "Src\PokerTell.PokerHand\PokerTell.PokerHand.csproj", "{AED2AF8D-6A36-4120-AFE8-51CF822FEE7B}"
EndProject
Project("{2150E333-8FDC-42A3-9474-1A3956D46DE8}") = "Tests", "Tests", "{63AB677D-684A-4519-BB8B-C9E27B4AD558}"
EndProject
Project("{2150E333-8FDC-42A3-9474-1A3956D46DE8}") = "UnitTests", "UnitTests", "{655CFEEA-C653-4DD4-B889-7A6496BB38E9}"
EndProject
Project("{FAE04EC0-301F-11D3-BF4B-00C04F79EFBC}") = "PokerTell.UnitTests", "Src\Tests\UnitTests\PokerTell.UnitTests\PokerTell.UnitTests.csproj", "{32736399-C329-453F-8AE0-A5EF0B916E4B}"
EndProject
Project("{FAE04EC0-301F-11D3-BF4B-00C04F79EFBC}") = "Tools.Tests", "Src\Tests\UnitTests\Tools.Tests\Tools.Tests.csproj", "{0BDCA341-B5F6-4097-81FA-90B2F4322673}"
EndProject
Project("{2150E333-8FDC-42A3-9474-1A3956D46DE8}") = "FrameworkTests", "FrameworkTests", "{3F69FD20-BEB5-47F1-9E47-97B37794B693}"
EndProject
Project("{FAE04EC0-301F-11D3-BF4B-00C04F79EFBC}") = "MicrosoftPractices.Tests", "Src\Tests\FrameworkTests\MicrosoftPractices.Tests\MicrosoftPractices.Tests.csproj", "{E927DD4D-0312-4433-984D-7D676BD37AF4}"
EndProject
Project("{FAE04EC0-301F-11D3-BF4B-00C04F79EFBC}") = "PokerTell.SessionReview", "Src\PokerTell.SessionReview\PokerTell.SessionReview.csproj", "{B6317324-CBC1-4FB9-BC5A-9EDF807BFD16}"
EndProject
Project("{FAE04EC0-301F-11D3-BF4B-00C04F79EFBC}") = "NUnit.Tests", "Src\Tests\FrameworkTests\NUnit.Tests\NUnit.Tests.csproj", "{6FB2C15E-A258-43B8-8124-9D52CF989D87}"
EndProject
Project("{FAE04EC0-301F-11D3-BF4B-00C04F79EFBC}") = "PokerTell.Repository", "Src\PokerTell.Repository\PokerTell.Repository.csproj", "{6DC6304E-D0B9-46E0-9656-1F34198BF605}"
EndProject
Project("{FAE04EC0-301F-11D3-BF4B-00C04F79EFBC}") = "PokerTell.Repository.Tests", "Src\Tests\UnitTests\PokerTell.Repository.Tests\PokerTell.Repository.Tests.csproj", "{61A1FD42-7F00-470F-9947-4D9B3ED7109C}"
EndProject
Project("{FAE04EC0-301F-11D3-BF4B-00C04F79EFBC}") = "PokerTell.PokerHandParsers", "Src\PokerTell.PokerHandParsers\PokerTell.PokerHandParsers.csproj", "{C43F98A6-E5E2-4DC1-A7B4-003BEDC62E85}"
EndProject
Project("{FAE04EC0-301F-11D3-BF4B-00C04F79EFBC}") = "PokerTell.PokerHandParsers.Tests", "Src\Tests\UnitTests\PokerTell.PokerHandParsers.Tests\PokerTell.PokerHandParsers.Tests.csproj", "{4B758D6F-F662-4A08-B913-1404C32111FD}"
EndProject
Project("{2150E333-8FDC-42A3-9474-1A3956D46DE8}") = "IntegrationTests", "IntegrationTests", "{81D4959A-E771-4F3A-BEE1-73A0E3B65104}"
EndProject
Project("{FAE04EC0-301F-11D3-BF4B-00C04F79EFBC}") = "PokerTell.DatabaseSetup", "Src\PokerTell.DatabaseSetup\PokerTell.DatabaseSetup.csproj", "{37A0380D-A3ED-46B8-8A04-0871E916E41C}"
EndProject
Project("{FAE04EC0-301F-11D3-BF4B-00C04F79EFBC}") = "PokerTell.DatabaseSetup.Tests", "Src\Tests\UnitTests\PokerTell.DatabaseSetup.Tests\PokerTell.DatabaseSetup.Tests.csproj", "{03D6E301-15A9-454B-86BE-BB029EAC15DA}"
EndProject
Project("{FAE04EC0-301F-11D3-BF4B-00C04F79EFBC}") = "PokerTell.PokerHand.Tests", "Src\Tests\UnitTests\PokerTell.PokerHand.Tests\PokerTell.PokerHand.Tests.csproj", "{4FFCEF16-C33B-4968-A657-5FDA4BE566F2}"
EndProject
Project("{FAE04EC0-301F-11D3-BF4B-00C04F79EFBC}") = "PokerTell.User", "Src\PokerTell.User\PokerTell.User.csproj", "{E2DC4243-DE16-42FF-A9CE-BEB54E763A9F}"
EndProject
Project("{FAE04EC0-301F-11D3-BF4B-00C04F79EFBC}") = "PokerTell.User.Tests", "Src\Tests\UnitTests\PokerTell.User.Tests\PokerTell.User.Tests.csproj", "{4113800D-B982-4EB9-B0FB-98A90D4A102B}"
EndProject
Project("{FAE04EC0-301F-11D3-BF4B-00C04F79EFBC}") = "PokerTell.Statistics", "Src\PokerTell.Statistics\PokerTell.Statistics.csproj", "{40A1B01E-8BBC-4F9E-B5E8-AA0BE4C70988}"
EndProject
Project("{FAE04EC0-301F-11D3-BF4B-00C04F79EFBC}") = "PokerTell.Statistics.Tests", "Src\Tests\UnitTests\PokerTell.Statistics.Tests\PokerTell.Statistics.Tests.csproj", "{A476E216-D602-47C8-BF5E-9CC84591BD6C}"
EndProject
Project("{FAE04EC0-301F-11D3-BF4B-00C04F79EFBC}") = "PokerTell.IntegrationTests", "Src\Tests\IntegrationTests\PokerTell.IntegrationTests\PokerTell.IntegrationTests.csproj", "{075D2ABE-7101-4939-A864-0B6F85101E17}"
EndProject
Project("{FAE04EC0-301F-11D3-BF4B-00C04F79EFBC}") = "CSharpLanguage.Tests", "Src\Tests\FrameworkTests\CSharpLanguage.Tests\CSharpLanguage.Tests.csproj", "{572EB5F0-8CCC-4BF5-9D96-58B6E87E5B5A}"
EndProject
Project("{FAE04EC0-301F-11D3-BF4B-00C04F79EFBC}") = "PokerTell.LiveTracker", "Src\PokerTell.LiveTracker\PokerTell.LiveTracker.csproj", "{74FD9DD4-7003-4AAC-9E8C-51A18A6D1334}"
EndProject
Project("{FAE04EC0-301F-11D3-BF4B-00C04F79EFBC}") = "PokerTell.LiveTracker.Tests", "Src\Tests\UnitTests\PokerTell.LiveTracker.Tests\PokerTell.LiveTracker.Tests.csproj", "{43B9562E-BE85-4EF2-93BF-A9CEE5118863}"
EndProject
Project("{2150E333-8FDC-42A3-9474-1A3956D46DE8}") = "Design", "Design", "{C867FE86-BEEA-4337-A0E4-678C8E48BF65}"
EndProject
Project("{FAE04EC0-301F-11D3-BF4B-00C04F79EFBC}") = "PokerTell.LiveTracker.Design", "Src\Design\PokerTell.LiveTracker.Design\PokerTell.LiveTracker.Design.csproj", "{67BBDF8C-B679-423D-9CC1-9BF14A5B2DB5}"
EndProject
Project("{FAE04EC0-301F-11D3-BF4B-00C04F79EFBC}") = "Designer", "Src\Design\Designer\Designer.csproj", "{C001E0E9-9278-4C30-A756-EA599DEC7426}"
EndProject
Project("{2150E333-8FDC-42A3-9474-1A3956D46DE8}") = "DesignWithDatabase", "DesignWithDatabase", "{BE3038E0-B795-49E6-9955-CEF4EA796F93}"
EndProject
Project("{FAE04EC0-301F-11D3-BF4B-00C04F79EFBC}") = "PokerTell.LiveTracker.DesignWithDatabase", "Src\DesignWithDatabase\PokerTell.LiveTracker.DesignWithDatabase\PokerTell.LiveTracker.DesignWithDatabase.csproj", "{134B575D-D973-4691-AC8E-3DB0E19D26C5}"
EndProject
Project("{2150E333-8FDC-42A3-9474-1A3956D46DE8}") = "PerformanceTests", "PerformanceTests", "{1FBB26EB-AD14-451D-85F5-22A897CC33B5}"
EndProject
Project("{FAE04EC0-301F-11D3-BF4B-00C04F79EFBC}") = "PokerTell.Repository.PerformanceTests", "Src\Tests\PerformanceTests\PokerTell.Repository.PerformanceTests\PokerTell.Repository.PerformanceTests.csproj", "{8D965387-4FD2-4AF8-B369-14B28BCB9BD6}"
EndProject
Project("{2150E333-8FDC-42A3-9474-1A3956D46DE8}") = "DataProcessingTests", "DataProcessingTests", "{0C0C549B-906B-444C-83A8-179673E1849D}"
EndProject
Project("{FAE04EC0-301F-11D3-BF4B-00C04F79EFBC}") = "PokerTell.Repository.DataProcessingTests", "Src\Tests\DataProcessingTests\PokerTell.Repository.DataProcessingTests\PokerTell.Repository.DataProcessingTests.csproj", "{D69E7BA2-6666-4A43-A9F3-C50A240FB0D0}"
EndProject
Project("{FAE04EC0-301F-11D3-BF4B-00C04F79EFBC}") = "PokerTell.LiveTracker.IntegrationTests", "Src\Tests\IntegrationTests\PokerTell.LiveTracker.IntegrationTests\PokerTell.LiveTracker.IntegrationTests.csproj", "{BCAB9E17-3B22-4442-9E4F-88E609FD0AA5}"
EndProject
Project("{2150E333-8FDC-42A3-9474-1A3956D46DE8}") = "ManualTests", "ManualTests", "{C07B75F9-36B9-4C24-ABFC-7292778DFD3E}"
EndProject
Project("{FAE04EC0-301F-11D3-BF4B-00C04F79EFBC}") = "PokerTell.LiveTracker.ManualTests", "Src\Tests\ManualTests\PokerTell.LiveTracker.ManualTests\PokerTell.LiveTracker.ManualTests.csproj", "{31266E2A-C49A-48E0-8A31-5B6FBD9DC87E}"
EndProject
Project("{2150E333-8FDC-42A3-9474-1A3956D46DE8}") = "Plugins", "Plugins", "{F248A269-BE65-466C-B8D3-B742F655EE4E}"
EndProject
Project("{FAE04EC0-301F-11D3-BF4B-00C04F79EFBC}") = "PokerTell.Plugins.InstantHandHistoryReader", "Src\Plugins\PokerTell.Plugins.InstantHandHistoryReader\PokerTell.Plugins.InstantHandHistoryReader.csproj", "{5B654EE9-2E7C-4DA0-9DF3-279FC11B3553}"
EndProject
Project("{FAE04EC0-301F-11D3-BF4B-00C04F79EFBC}") = "PokerTell.Plugins.InstantHandHistoryReader.ManualTests", "Src\Tests\ManualTests\PokerTell.Plugins.InstantHandHistoryReader.ManualTests\PokerTell.Plugins.InstantHandHistoryReader.ManualTests.csproj", "{1B5B29B9-E417-4376-B8E8-806C4BF78317}"
EndProject
Project("{FAE04EC0-301F-11D3-BF4B-00C04F79EFBC}") = "PokerTell.Plugins.InstantHandHistoryReader.Tests", "Src\Tests\UnitTests\PokerTell.Plugins.InstantHandHistoryReader.Tests\PokerTell.Plugins.InstantHandHistoryReader.Tests.csproj", "{70B2C714-B4B2-4780-AC12-0128339CF246}"
EndProject
Project("{FAE04EC0-301F-11D3-BF4B-00C04F79EFBC}") = "PokerTell.Plugins.PlayerPeeker", "Src\Plugins\PokerTell.Plugins.PlayerPeeker\PokerTell.Plugins.PlayerPeeker.csproj", "{C638E665-5926-441B-A74A-32DCBFC7347D}"
EndProject
Project("{FAE04EC0-301F-11D3-BF4B-00C04F79EFBC}") = "PokerTell.Plugins.PlayerPeeker.ManualTests", "Src\Tests\ManualTests\PokerTell.Plugins.PlayerPeeker.ManualTests\PokerTell.Plugins.PlayerPeeker.ManualTests.csproj", "{B0ED6758-25FD-4708-BAB4-C689E376FE55}"
EndProject
Project("{FAE04EC0-301F-11D3-BF4B-00C04F79EFBC}") = "PokerTell.PokerHandParsers.IntegrationTests", "Src\Tests\IntegrationTests\PokerTell.PokerHandParsers.IntegrationTests\PokerTell.PokerHandParsers.IntegrationTests.csproj", "{E3D002FD-3A5D-43EE-B02C-D0B1E2A0C62F}"
EndProject
Project("{2150E333-8FDC-42A3-9474-1A3956D46DE8}") = "Deployment", "Deployment", "{C9A91C6A-183E-44D6-8B85-55C07071441F}"
EndProject
Project("{54435603-DBB4-11D2-8724-00A0C9A8B90C}") = "PokerTell.Setup", "Src\Deployment\PokerTell.Setup\PokerTell.Setup.vdproj", "{729A9427-0250-4598-9077-6E5A941F3945}"
EndProject
Project("{FAE04EC0-301F-11D3-BF4B-00C04F79EFBC}") = "PokerTell.User.Design", "Src\Design\PokerTell.User.Design\PokerTell.User.Design.csproj", "{C7F21E7B-3070-44F2-89D9-C49133D94493}"
EndProject
Project("{54435603-DBB4-11D2-8724-00A0C9A8B90C}") = "PokerTell.WithPlugins.Setup", "Src\Deployment\PokerTell.WithPlugins.Setup\PokerTell.WithPlugins.Setup.vdproj", "{C2DD2D98-5DB7-4DEE-9164-956285D29FC4}"
EndProject
Project("{FAE04EC0-301F-11D3-BF4B-00C04F79EFBC}") = "PokerTell.Statistics.Design", "Src\Design\PokerTell.Statistics.Design\PokerTell.Statistics.Design.csproj", "{D648D149-53C3-4649-AB0A-48921CEC5ABC}"
EndProject
Global
	GlobalSection(SolutionConfigurationPlatforms) = preSolution
		Debug|Any CPU = Debug|Any CPU
		Release|Any CPU = Release|Any CPU
	EndGlobalSection
	GlobalSection(ProjectConfigurationPlatforms) = postSolution
		{B0D177B0-E505-4A72-B272-FE2E0F22F2C6}.Debug|Any CPU.ActiveCfg = Debug|Any CPU
		{B0D177B0-E505-4A72-B272-FE2E0F22F2C6}.Debug|Any CPU.Build.0 = Debug|Any CPU
		{B0D177B0-E505-4A72-B272-FE2E0F22F2C6}.Release|Any CPU.ActiveCfg = Release|Any CPU
		{B0D177B0-E505-4A72-B272-FE2E0F22F2C6}.Release|Any CPU.Build.0 = Release|Any CPU
		{227FB3C9-3DEF-4A56-9190-24B511A5301B}.Debug|Any CPU.ActiveCfg = Debug|Any CPU
		{227FB3C9-3DEF-4A56-9190-24B511A5301B}.Debug|Any CPU.Build.0 = Debug|Any CPU
		{227FB3C9-3DEF-4A56-9190-24B511A5301B}.Release|Any CPU.ActiveCfg = Release|Any CPU
		{227FB3C9-3DEF-4A56-9190-24B511A5301B}.Release|Any CPU.Build.0 = Release|Any CPU
		{04BE82E4-C33D-4FA4-BE78-FCC86A86589D}.Debug|Any CPU.ActiveCfg = Debug|Any CPU
		{04BE82E4-C33D-4FA4-BE78-FCC86A86589D}.Debug|Any CPU.Build.0 = Debug|Any CPU
		{04BE82E4-C33D-4FA4-BE78-FCC86A86589D}.Release|Any CPU.ActiveCfg = Release|Any CPU
		{04BE82E4-C33D-4FA4-BE78-FCC86A86589D}.Release|Any CPU.Build.0 = Release|Any CPU
		{AED2AF8D-6A36-4120-AFE8-51CF822FEE7B}.Debug|Any CPU.ActiveCfg = Debug|Any CPU
		{AED2AF8D-6A36-4120-AFE8-51CF822FEE7B}.Debug|Any CPU.Build.0 = Debug|Any CPU
		{AED2AF8D-6A36-4120-AFE8-51CF822FEE7B}.Release|Any CPU.ActiveCfg = Release|Any CPU
		{AED2AF8D-6A36-4120-AFE8-51CF822FEE7B}.Release|Any CPU.Build.0 = Release|Any CPU
		{32736399-C329-453F-8AE0-A5EF0B916E4B}.Debug|Any CPU.ActiveCfg = Debug|Any CPU
		{32736399-C329-453F-8AE0-A5EF0B916E4B}.Debug|Any CPU.Build.0 = Debug|Any CPU
		{32736399-C329-453F-8AE0-A5EF0B916E4B}.Release|Any CPU.ActiveCfg = Release|Any CPU
		{0BDCA341-B5F6-4097-81FA-90B2F4322673}.Debug|Any CPU.ActiveCfg = Debug|Any CPU
		{0BDCA341-B5F6-4097-81FA-90B2F4322673}.Debug|Any CPU.Build.0 = Debug|Any CPU
		{0BDCA341-B5F6-4097-81FA-90B2F4322673}.Release|Any CPU.ActiveCfg = Release|Any CPU
		{E927DD4D-0312-4433-984D-7D676BD37AF4}.Debug|Any CPU.ActiveCfg = Debug|Any CPU
		{E927DD4D-0312-4433-984D-7D676BD37AF4}.Debug|Any CPU.Build.0 = Debug|Any CPU
		{E927DD4D-0312-4433-984D-7D676BD37AF4}.Release|Any CPU.ActiveCfg = Release|Any CPU
		{B6317324-CBC1-4FB9-BC5A-9EDF807BFD16}.Debug|Any CPU.ActiveCfg = Debug|Any CPU
		{B6317324-CBC1-4FB9-BC5A-9EDF807BFD16}.Debug|Any CPU.Build.0 = Debug|Any CPU
		{B6317324-CBC1-4FB9-BC5A-9EDF807BFD16}.Release|Any CPU.ActiveCfg = Release|Any CPU
		{B6317324-CBC1-4FB9-BC5A-9EDF807BFD16}.Release|Any CPU.Build.0 = Release|Any CPU
		{6FB2C15E-A258-43B8-8124-9D52CF989D87}.Debug|Any CPU.ActiveCfg = Debug|Any CPU
		{6FB2C15E-A258-43B8-8124-9D52CF989D87}.Debug|Any CPU.Build.0 = Debug|Any CPU
		{6FB2C15E-A258-43B8-8124-9D52CF989D87}.Release|Any CPU.ActiveCfg = Release|Any CPU
		{6DC6304E-D0B9-46E0-9656-1F34198BF605}.Debug|Any CPU.ActiveCfg = Debug|Any CPU
		{6DC6304E-D0B9-46E0-9656-1F34198BF605}.Debug|Any CPU.Build.0 = Debug|Any CPU
		{6DC6304E-D0B9-46E0-9656-1F34198BF605}.Release|Any CPU.ActiveCfg = Release|Any CPU
		{6DC6304E-D0B9-46E0-9656-1F34198BF605}.Release|Any CPU.Build.0 = Release|Any CPU
		{61A1FD42-7F00-470F-9947-4D9B3ED7109C}.Debug|Any CPU.ActiveCfg = Debug|Any CPU
		{61A1FD42-7F00-470F-9947-4D9B3ED7109C}.Debug|Any CPU.Build.0 = Debug|Any CPU
		{61A1FD42-7F00-470F-9947-4D9B3ED7109C}.Release|Any CPU.ActiveCfg = Release|Any CPU
		{C43F98A6-E5E2-4DC1-A7B4-003BEDC62E85}.Debug|Any CPU.ActiveCfg = Debug|Any CPU
		{C43F98A6-E5E2-4DC1-A7B4-003BEDC62E85}.Debug|Any CPU.Build.0 = Debug|Any CPU
		{C43F98A6-E5E2-4DC1-A7B4-003BEDC62E85}.Release|Any CPU.ActiveCfg = Release|Any CPU
		{C43F98A6-E5E2-4DC1-A7B4-003BEDC62E85}.Release|Any CPU.Build.0 = Release|Any CPU
		{4B758D6F-F662-4A08-B913-1404C32111FD}.Debug|Any CPU.ActiveCfg = Debug|Any CPU
		{4B758D6F-F662-4A08-B913-1404C32111FD}.Debug|Any CPU.Build.0 = Debug|Any CPU
		{4B758D6F-F662-4A08-B913-1404C32111FD}.Release|Any CPU.ActiveCfg = Release|Any CPU
		{37A0380D-A3ED-46B8-8A04-0871E916E41C}.Debug|Any CPU.ActiveCfg = Debug|Any CPU
		{37A0380D-A3ED-46B8-8A04-0871E916E41C}.Debug|Any CPU.Build.0 = Debug|Any CPU
		{37A0380D-A3ED-46B8-8A04-0871E916E41C}.Release|Any CPU.ActiveCfg = Release|Any CPU
		{37A0380D-A3ED-46B8-8A04-0871E916E41C}.Release|Any CPU.Build.0 = Release|Any CPU
		{03D6E301-15A9-454B-86BE-BB029EAC15DA}.Debug|Any CPU.ActiveCfg = Debug|Any CPU
		{03D6E301-15A9-454B-86BE-BB029EAC15DA}.Debug|Any CPU.Build.0 = Debug|Any CPU
		{03D6E301-15A9-454B-86BE-BB029EAC15DA}.Release|Any CPU.ActiveCfg = Release|Any CPU
		{4FFCEF16-C33B-4968-A657-5FDA4BE566F2}.Debug|Any CPU.ActiveCfg = Debug|Any CPU
		{4FFCEF16-C33B-4968-A657-5FDA4BE566F2}.Debug|Any CPU.Build.0 = Debug|Any CPU
		{4FFCEF16-C33B-4968-A657-5FDA4BE566F2}.Release|Any CPU.ActiveCfg = Release|Any CPU
		{E2DC4243-DE16-42FF-A9CE-BEB54E763A9F}.Debug|Any CPU.ActiveCfg = Debug|Any CPU
		{E2DC4243-DE16-42FF-A9CE-BEB54E763A9F}.Debug|Any CPU.Build.0 = Debug|Any CPU
		{E2DC4243-DE16-42FF-A9CE-BEB54E763A9F}.Release|Any CPU.ActiveCfg = Release|Any CPU
		{E2DC4243-DE16-42FF-A9CE-BEB54E763A9F}.Release|Any CPU.Build.0 = Release|Any CPU
		{4113800D-B982-4EB9-B0FB-98A90D4A102B}.Debug|Any CPU.ActiveCfg = Debug|Any CPU
		{4113800D-B982-4EB9-B0FB-98A90D4A102B}.Debug|Any CPU.Build.0 = Debug|Any CPU
		{4113800D-B982-4EB9-B0FB-98A90D4A102B}.Release|Any CPU.ActiveCfg = Release|Any CPU
		{40A1B01E-8BBC-4F9E-B5E8-AA0BE4C70988}.Debug|Any CPU.ActiveCfg = Debug|Any CPU
		{40A1B01E-8BBC-4F9E-B5E8-AA0BE4C70988}.Debug|Any CPU.Build.0 = Debug|Any CPU
		{40A1B01E-8BBC-4F9E-B5E8-AA0BE4C70988}.Release|Any CPU.ActiveCfg = Release|Any CPU
		{40A1B01E-8BBC-4F9E-B5E8-AA0BE4C70988}.Release|Any CPU.Build.0 = Release|Any CPU
		{A476E216-D602-47C8-BF5E-9CC84591BD6C}.Debug|Any CPU.ActiveCfg = Debug|Any CPU
		{A476E216-D602-47C8-BF5E-9CC84591BD6C}.Debug|Any CPU.Build.0 = Debug|Any CPU
		{A476E216-D602-47C8-BF5E-9CC84591BD6C}.Release|Any CPU.ActiveCfg = Release|Any CPU
		{075D2ABE-7101-4939-A864-0B6F85101E17}.Debug|Any CPU.ActiveCfg = Debug|Any CPU
		{075D2ABE-7101-4939-A864-0B6F85101E17}.Debug|Any CPU.Build.0 = Debug|Any CPU
		{075D2ABE-7101-4939-A864-0B6F85101E17}.Release|Any CPU.ActiveCfg = Release|Any CPU
		{572EB5F0-8CCC-4BF5-9D96-58B6E87E5B5A}.Debug|Any CPU.ActiveCfg = Debug|Any CPU
		{572EB5F0-8CCC-4BF5-9D96-58B6E87E5B5A}.Debug|Any CPU.Build.0 = Debug|Any CPU
		{572EB5F0-8CCC-4BF5-9D96-58B6E87E5B5A}.Release|Any CPU.ActiveCfg = Release|Any CPU
		{74FD9DD4-7003-4AAC-9E8C-51A18A6D1334}.Debug|Any CPU.ActiveCfg = Debug|Any CPU
		{74FD9DD4-7003-4AAC-9E8C-51A18A6D1334}.Debug|Any CPU.Build.0 = Debug|Any CPU
		{74FD9DD4-7003-4AAC-9E8C-51A18A6D1334}.Release|Any CPU.ActiveCfg = Release|Any CPU
		{74FD9DD4-7003-4AAC-9E8C-51A18A6D1334}.Release|Any CPU.Build.0 = Release|Any CPU
		{43B9562E-BE85-4EF2-93BF-A9CEE5118863}.Debug|Any CPU.ActiveCfg = Debug|Any CPU
		{43B9562E-BE85-4EF2-93BF-A9CEE5118863}.Debug|Any CPU.Build.0 = Debug|Any CPU
		{43B9562E-BE85-4EF2-93BF-A9CEE5118863}.Release|Any CPU.ActiveCfg = Release|Any CPU
		{67BBDF8C-B679-423D-9CC1-9BF14A5B2DB5}.Debug|Any CPU.ActiveCfg = Debug|Any CPU
		{67BBDF8C-B679-423D-9CC1-9BF14A5B2DB5}.Debug|Any CPU.Build.0 = Debug|Any CPU
		{67BBDF8C-B679-423D-9CC1-9BF14A5B2DB5}.Release|Any CPU.ActiveCfg = Release|Any CPU
		{C001E0E9-9278-4C30-A756-EA599DEC7426}.Debug|Any CPU.ActiveCfg = Debug|Any CPU
		{C001E0E9-9278-4C30-A756-EA599DEC7426}.Debug|Any CPU.Build.0 = Debug|Any CPU
		{C001E0E9-9278-4C30-A756-EA599DEC7426}.Release|Any CPU.ActiveCfg = Release|Any CPU
		{134B575D-D973-4691-AC8E-3DB0E19D26C5}.Debug|Any CPU.ActiveCfg = Debug|Any CPU
		{134B575D-D973-4691-AC8E-3DB0E19D26C5}.Debug|Any CPU.Build.0 = Debug|Any CPU
		{134B575D-D973-4691-AC8E-3DB0E19D26C5}.Release|Any CPU.ActiveCfg = Release|Any CPU
		{8D965387-4FD2-4AF8-B369-14B28BCB9BD6}.Debug|Any CPU.ActiveCfg = Debug|Any CPU
		{8D965387-4FD2-4AF8-B369-14B28BCB9BD6}.Debug|Any CPU.Build.0 = Debug|Any CPU
		{8D965387-4FD2-4AF8-B369-14B28BCB9BD6}.Release|Any CPU.ActiveCfg = Release|Any CPU
		{D69E7BA2-6666-4A43-A9F3-C50A240FB0D0}.Debug|Any CPU.ActiveCfg = Debug|Any CPU
		{D69E7BA2-6666-4A43-A9F3-C50A240FB0D0}.Debug|Any CPU.Build.0 = Debug|Any CPU
		{D69E7BA2-6666-4A43-A9F3-C50A240FB0D0}.Release|Any CPU.ActiveCfg = Release|Any CPU
		{BCAB9E17-3B22-4442-9E4F-88E609FD0AA5}.Debug|Any CPU.ActiveCfg = Debug|Any CPU
		{BCAB9E17-3B22-4442-9E4F-88E609FD0AA5}.Debug|Any CPU.Build.0 = Debug|Any CPU
		{BCAB9E17-3B22-4442-9E4F-88E609FD0AA5}.Release|Any CPU.ActiveCfg = Release|Any CPU
		{31266E2A-C49A-48E0-8A31-5B6FBD9DC87E}.Debug|Any CPU.ActiveCfg = Debug|Any CPU
		{31266E2A-C49A-48E0-8A31-5B6FBD9DC87E}.Debug|Any CPU.Build.0 = Debug|Any CPU
		{31266E2A-C49A-48E0-8A31-5B6FBD9DC87E}.Release|Any CPU.ActiveCfg = Release|Any CPU
		{5B654EE9-2E7C-4DA0-9DF3-279FC11B3553}.Debug|Any CPU.ActiveCfg = Debug|Any CPU
		{5B654EE9-2E7C-4DA0-9DF3-279FC11B3553}.Debug|Any CPU.Build.0 = Debug|Any CPU
		{5B654EE9-2E7C-4DA0-9DF3-279FC11B3553}.Release|Any CPU.ActiveCfg = Release|Any CPU
		{5B654EE9-2E7C-4DA0-9DF3-279FC11B3553}.Release|Any CPU.Build.0 = Release|Any CPU
		{1B5B29B9-E417-4376-B8E8-806C4BF78317}.Debug|Any CPU.ActiveCfg = Debug|Any CPU
		{1B5B29B9-E417-4376-B8E8-806C4BF78317}.Debug|Any CPU.Build.0 = Debug|Any CPU
		{1B5B29B9-E417-4376-B8E8-806C4BF78317}.Release|Any CPU.ActiveCfg = Release|Any CPU
		{70B2C714-B4B2-4780-AC12-0128339CF246}.Debug|Any CPU.ActiveCfg = Debug|Any CPU
		{70B2C714-B4B2-4780-AC12-0128339CF246}.Debug|Any CPU.Build.0 = Debug|Any CPU
		{70B2C714-B4B2-4780-AC12-0128339CF246}.Release|Any CPU.ActiveCfg = Release|Any CPU
		{C638E665-5926-441B-A74A-32DCBFC7347D}.Debug|Any CPU.ActiveCfg = Debug|Any CPU
		{C638E665-5926-441B-A74A-32DCBFC7347D}.Debug|Any CPU.Build.0 = Debug|Any CPU
		{C638E665-5926-441B-A74A-32DCBFC7347D}.Release|Any CPU.ActiveCfg = Release|Any CPU
		{C638E665-5926-441B-A74A-32DCBFC7347D}.Release|Any CPU.Build.0 = Release|Any CPU
		{B0ED6758-25FD-4708-BAB4-C689E376FE55}.Debug|Any CPU.ActiveCfg = Debug|Any CPU
		{B0ED6758-25FD-4708-BAB4-C689E376FE55}.Debug|Any CPU.Build.0 = Debug|Any CPU
		{B0ED6758-25FD-4708-BAB4-C689E376FE55}.Release|Any CPU.ActiveCfg = Release|Any CPU
		{E3D002FD-3A5D-43EE-B02C-D0B1E2A0C62F}.Debug|Any CPU.ActiveCfg = Debug|Any CPU
		{E3D002FD-3A5D-43EE-B02C-D0B1E2A0C62F}.Debug|Any CPU.Build.0 = Debug|Any CPU
		{E3D002FD-3A5D-43EE-B02C-D0B1E2A0C62F}.Release|Any CPU.ActiveCfg = Release|Any CPU
		{729A9427-0250-4598-9077-6E5A941F3945}.Debug|Any CPU.ActiveCfg = Debug
		{729A9427-0250-4598-9077-6E5A941F3945}.Debug|Any CPU.Build.0 = Debug
		{729A9427-0250-4598-9077-6E5A941F3945}.Release|Any CPU.ActiveCfg = Release
		{729A9427-0250-4598-9077-6E5A941F3945}.Release|Any CPU.Build.0 = Release
		{C7F21E7B-3070-44F2-89D9-C49133D94493}.Debug|Any CPU.ActiveCfg = Debug|Any CPU
		{C7F21E7B-3070-44F2-89D9-C49133D94493}.Debug|Any CPU.Build.0 = Debug|Any CPU
		{C7F21E7B-3070-44F2-89D9-C49133D94493}.Release|Any CPU.ActiveCfg = Release|Any CPU
		{C2DD2D98-5DB7-4DEE-9164-956285D29FC4}.Debug|Any CPU.ActiveCfg = Debug
		{C2DD2D98-5DB7-4DEE-9164-956285D29FC4}.Debug|Any CPU.Build.0 = Debug
		{C2DD2D98-5DB7-4DEE-9164-956285D29FC4}.Release|Any CPU.ActiveCfg = Release
		{C2DD2D98-5DB7-4DEE-9164-956285D29FC4}.Release|Any CPU.Build.0 = Release
		{D648D149-53C3-4649-AB0A-48921CEC5ABC}.Debug|Any CPU.ActiveCfg = Debug|Any CPU
		{D648D149-53C3-4649-AB0A-48921CEC5ABC}.Debug|Any CPU.Build.0 = Debug|Any CPU
		{D648D149-53C3-4649-AB0A-48921CEC5ABC}.Release|Any CPU.ActiveCfg = Release|Any CPU
		{D648D149-53C3-4649-AB0A-48921CEC5ABC}.Release|Any CPU.Build.0 = Release|Any CPU
	EndGlobalSection
	GlobalSection(SolutionProperties) = preSolution
		HideSolutionNode = FALSE
	EndGlobalSection
	GlobalSection(NestedProjects) = preSolution
		{AED2AF8D-6A36-4120-AFE8-51CF822FEE7B} = {D25B720C-B399-4F84-BEEA-D5B2B3D29F25}
		{B6317324-CBC1-4FB9-BC5A-9EDF807BFD16} = {D25B720C-B399-4F84-BEEA-D5B2B3D29F25}
		{6DC6304E-D0B9-46E0-9656-1F34198BF605} = {D25B720C-B399-4F84-BEEA-D5B2B3D29F25}
		{C43F98A6-E5E2-4DC1-A7B4-003BEDC62E85} = {D25B720C-B399-4F84-BEEA-D5B2B3D29F25}
		{37A0380D-A3ED-46B8-8A04-0871E916E41C} = {D25B720C-B399-4F84-BEEA-D5B2B3D29F25}
		{E2DC4243-DE16-42FF-A9CE-BEB54E763A9F} = {D25B720C-B399-4F84-BEEA-D5B2B3D29F25}
		{40A1B01E-8BBC-4F9E-B5E8-AA0BE4C70988} = {D25B720C-B399-4F84-BEEA-D5B2B3D29F25}
		{74FD9DD4-7003-4AAC-9E8C-51A18A6D1334} = {D25B720C-B399-4F84-BEEA-D5B2B3D29F25}
		{04BE82E4-C33D-4FA4-BE78-FCC86A86589D} = {CE3DA47C-332F-4E33-874C-1E2EB3FF3DBE}
		{227FB3C9-3DEF-4A56-9190-24B511A5301B} = {5887697F-2781-46CB-9975-6D1589FD6F8E}
		{655CFEEA-C653-4DD4-B889-7A6496BB38E9} = {63AB677D-684A-4519-BB8B-C9E27B4AD558}
		{3F69FD20-BEB5-47F1-9E47-97B37794B693} = {63AB677D-684A-4519-BB8B-C9E27B4AD558}
		{81D4959A-E771-4F3A-BEE1-73A0E3B65104} = {63AB677D-684A-4519-BB8B-C9E27B4AD558}
		{1FBB26EB-AD14-451D-85F5-22A897CC33B5} = {63AB677D-684A-4519-BB8B-C9E27B4AD558}
		{0C0C549B-906B-444C-83A8-179673E1849D} = {63AB677D-684A-4519-BB8B-C9E27B4AD558}
		{C07B75F9-36B9-4C24-ABFC-7292778DFD3E} = {63AB677D-684A-4519-BB8B-C9E27B4AD558}
		{32736399-C329-453F-8AE0-A5EF0B916E4B} = {655CFEEA-C653-4DD4-B889-7A6496BB38E9}
		{0BDCA341-B5F6-4097-81FA-90B2F4322673} = {655CFEEA-C653-4DD4-B889-7A6496BB38E9}
		{61A1FD42-7F00-470F-9947-4D9B3ED7109C} = {655CFEEA-C653-4DD4-B889-7A6496BB38E9}
		{4B758D6F-F662-4A08-B913-1404C32111FD} = {655CFEEA-C653-4DD4-B889-7A6496BB38E9}
		{03D6E301-15A9-454B-86BE-BB029EAC15DA} = {655CFEEA-C653-4DD4-B889-7A6496BB38E9}
		{4FFCEF16-C33B-4968-A657-5FDA4BE566F2} = {655CFEEA-C653-4DD4-B889-7A6496BB38E9}
		{4113800D-B982-4EB9-B0FB-98A90D4A102B} = {655CFEEA-C653-4DD4-B889-7A6496BB38E9}
		{A476E216-D602-47C8-BF5E-9CC84591BD6C} = {655CFEEA-C653-4DD4-B889-7A6496BB38E9}
		{43B9562E-BE85-4EF2-93BF-A9CEE5118863} = {655CFEEA-C653-4DD4-B889-7A6496BB38E9}
		{70B2C714-B4B2-4780-AC12-0128339CF246} = {655CFEEA-C653-4DD4-B889-7A6496BB38E9}
		{E927DD4D-0312-4433-984D-7D676BD37AF4} = {3F69FD20-BEB5-47F1-9E47-97B37794B693}
		{6FB2C15E-A258-43B8-8124-9D52CF989D87} = {3F69FD20-BEB5-47F1-9E47-97B37794B693}
		{572EB5F0-8CCC-4BF5-9D96-58B6E87E5B5A} = {3F69FD20-BEB5-47F1-9E47-97B37794B693}
		{075D2ABE-7101-4939-A864-0B6F85101E17} = {81D4959A-E771-4F3A-BEE1-73A0E3B65104}
		{BCAB9E17-3B22-4442-9E4F-88E609FD0AA5} = {81D4959A-E771-4F3A-BEE1-73A0E3B65104}
		{E3D002FD-3A5D-43EE-B02C-D0B1E2A0C62F} = {81D4959A-E771-4F3A-BEE1-73A0E3B65104}
		{67BBDF8C-B679-423D-9CC1-9BF14A5B2DB5} = {C867FE86-BEEA-4337-A0E4-678C8E48BF65}
		{C001E0E9-9278-4C30-A756-EA599DEC7426} = {C867FE86-BEEA-4337-A0E4-678C8E48BF65}
		{C7F21E7B-3070-44F2-89D9-C49133D94493} = {C867FE86-BEEA-4337-A0E4-678C8E48BF65}
		{D648D149-53C3-4649-AB0A-48921CEC5ABC} = {C867FE86-BEEA-4337-A0E4-678C8E48BF65}
		{134B575D-D973-4691-AC8E-3DB0E19D26C5} = {BE3038E0-B795-49E6-9955-CEF4EA796F93}
		{8D965387-4FD2-4AF8-B369-14B28BCB9BD6} = {1FBB26EB-AD14-451D-85F5-22A897CC33B5}
		{D69E7BA2-6666-4A43-A9F3-C50A240FB0D0} = {0C0C549B-906B-444C-83A8-179673E1849D}
		{31266E2A-C49A-48E0-8A31-5B6FBD9DC87E} = {C07B75F9-36B9-4C24-ABFC-7292778DFD3E}
		{1B5B29B9-E417-4376-B8E8-806C4BF78317} = {C07B75F9-36B9-4C24-ABFC-7292778DFD3E}
		{B0ED6758-25FD-4708-BAB4-C689E376FE55} = {C07B75F9-36B9-4C24-ABFC-7292778DFD3E}
		{5B654EE9-2E7C-4DA0-9DF3-279FC11B3553} = {F248A269-BE65-466C-B8D3-B742F655EE4E}
		{C638E665-5926-441B-A74A-32DCBFC7347D} = {F248A269-BE65-466C-B8D3-B742F655EE4E}
		{729A9427-0250-4598-9077-6E5A941F3945} = {C9A91C6A-183E-44D6-8B85-55C07071441F}
		{C2DD2D98-5DB7-4DEE-9164-956285D29FC4} = {C9A91C6A-183E-44D6-8B85-55C07071441F}
	EndGlobalSection
	GlobalSection(SubversionScc) = preSolution
		Svn-Managed = True
		Manager = AnkhSVN - Subversion Support for Visual Studio
	EndGlobalSection
EndGlobal
