
Microsoft Visual Studio Solution File, Format Version 10.00
# Visual Studio 2008
Project("{FAE04EC0-301F-11D3-BF4B-00C04F79EFBC}") = "DynamicDataTemplate", "DynamicDataTemplate\DynamicDataTemplate.csproj", "{70DBB821-6BA5-4D67-9924-FFE7D44ECC34}"
EndProject
Project("{FAE04EC0-301F-11D3-BF4B-00C04F79EFBC}") = "DataGridViewSelection", "DataGridViewSelection\DataGridViewSelection.csproj", "{941270EB-B229-434B-92D6-16899B215FD7}"
EndProject
Project("{FAE04EC0-301F-11D3-BF4B-00C04F79EFBC}") = "DetailedStatisticsViewer", "DetailedStatisticsViewer\DetailedStatisticsViewer.csproj", "{DCD91708-C229-44DC-BF08-13444BED3BB4}"
EndProject
Project("{FAE04EC0-301F-11D3-BF4B-00C04F79EFBC}") = "DragAndResize", "DragAndResize\DragAndResize.csproj", "{12FC2B9B-4BDE-423B-A28D-972783F2D1D2}"
EndProject
Project("{FAE04EC0-301F-11D3-BF4B-00C04F79EFBC}") = "MultiThreading", "MultiThreading\MultiThreading.csproj", "{8770E86A-D1F0-4FED-98E3-255B04582799}"
EndProject
Global
	GlobalSection(SolutionConfigurationPlatforms) = preSolution
		Debug|Any CPU = Debug|Any CPU
		Release|Any CPU = Release|Any CPU
	EndGlobalSection
	GlobalSection(ProjectConfigurationPlatforms) = postSolution
		{70DBB821-6BA5-4D67-9924-FFE7D44ECC34}.Debug|Any CPU.ActiveCfg = Debug|Any CPU
		{70DBB821-6BA5-4D67-9924-FFE7D44ECC34}.Debug|Any CPU.Build.0 = Debug|Any CPU
		{70DBB821-6BA5-4D67-9924-FFE7D44ECC34}.Release|Any CPU.ActiveCfg = Release|Any CPU
		{70DBB821-6BA5-4D67-9924-FFE7D44ECC34}.Release|Any CPU.Build.0 = Release|Any CPU
		{941270EB-B229-434B-92D6-16899B215FD7}.Debug|Any CPU.ActiveCfg = Debug|Any CPU
		{941270EB-B229-434B-92D6-16899B215FD7}.Debug|Any CPU.Build.0 = Debug|Any CPU
		{941270EB-B229-434B-92D6-16899B215FD7}.Release|Any CPU.ActiveCfg = Release|Any CPU
		{941270EB-B229-434B-92D6-16899B215FD7}.Release|Any CPU.Build.0 = Release|Any CPU
		{DCD91708-C229-44DC-BF08-13444BED3BB4}.Debug|Any CPU.ActiveCfg = Debug|Any CPU
		{DCD91708-C229-44DC-BF08-13444BED3BB4}.Debug|Any CPU.Build.0 = Debug|Any CPU
		{DCD91708-C229-44DC-BF08-13444BED3BB4}.Release|Any CPU.ActiveCfg = Release|Any CPU
		{DCD91708-C229-44DC-BF08-13444BED3BB4}.Release|Any CPU.Build.0 = Release|Any CPU
		{12FC2B9B-4BDE-423B-A28D-972783F2D1D2}.Debug|Any CPU.ActiveCfg = Debug|Any CPU
		{12FC2B9B-4BDE-423B-A28D-972783F2D1D2}.Debug|Any CPU.Build.0 = Debug|Any CPU
		{12FC2B9B-4BDE-423B-A28D-972783F2D1D2}.Release|Any CPU.ActiveCfg = Release|Any CPU
		{12FC2B9B-4BDE-423B-A28D-972783F2D1D2}.Release|Any CPU.Build.0 = Release|Any CPU
		{8770E86A-D1F0-4FED-98E3-255B04582799}.Debug|Any CPU.ActiveCfg = Debug|Any CPU
		{8770E86A-D1F0-4FED-98E3-255B04582799}.Debug|Any CPU.Build.0 = Debug|Any CPU
		{8770E86A-D1F0-4FED-98E3-255B04582799}.Release|Any CPU.ActiveCfg = Release|Any CPU
		{8770E86A-D1F0-4FED-98E3-255B04582799}.Release|Any CPU.Build.0 = Release|Any CPU
	EndGlobalSection
	GlobalSection(SolutionProperties) = preSolution
		HideSolutionNode = FALSE
	EndGlobalSection
EndGlobal
